
Microsoft Visual Studio Solution File, Format Version 12.00
# Visual Studio Version 17
VisualStudioVersion = 17.7.34024.191
MinimumVisualStudioVersion = 10.0.40219.1
Project("{FAE04EC0-301F-11D3-BF4B-00C04F79EFBC}") = "programlama_3_hafta", "programlama_3_hafta\programlama_3_hafta.csproj", "{33160079-BA24-449E-A0D1-4A0EC262D1A8}"
EndProject
Global
	GlobalSection(SolutionConfigurationPlatforms) = preSolution
		Debug|Any CPU = Debug|Any CPU
		Release|Any CPU = Release|Any CPU
	EndGlobalSection
	GlobalSection(ProjectConfigurationPlatforms) = postSolution
		{33160079-BA24-449E-A0D1-4A0EC262D1A8}.Debug|Any CPU.ActiveCfg = Debug|Any CPU
		{33160079-BA24-449E-A0D1-4A0EC262D1A8}.Debug|Any CPU.Build.0 = Debug|Any CPU
		{33160079-BA24-449E-A0D1-4A0EC262D1A8}.Release|Any CPU.ActiveCfg = Release|Any CPU
		{33160079-BA24-449E-A0D1-4A0EC262D1A8}.Release|Any CPU.Build.0 = Release|Any CPU
	EndGlobalSection
	GlobalSection(SolutionProperties) = preSolution
		HideSolutionNode = FALSE
	EndGlobalSection
	GlobalSection(ExtensibilityGlobals) = postSolution
		SolutionGuid = {5EA244B6-A870-4C3C-9DE5-84F9FEDE252D}
	EndGlobalSection
EndGlobal
